
Microsoft Visual Studio Solution File, Format Version 12.00
# Visual Studio 14
VisualStudioVersion = 14.0.23107.0
MinimumVisualStudioVersion = 10.0.40219.1
Project("{FAE04EC0-301F-11D3-BF4B-00C04F79EFBC}") = "project5", "project5\project5.csproj", "{E5323BDB-A1D2-4E1F-AD94-7D3449D44DB4}"
EndProject
Global
	GlobalSection(SolutionConfigurationPlatforms) = preSolution
		Debug|Any CPU = Debug|Any CPU
		Release|Any CPU = Release|Any CPU
	EndGlobalSection
	GlobalSection(ProjectConfigurationPlatforms) = postSolution
		{E5323BDB-A1D2-4E1F-AD94-7D3449D44DB4}.Debug|Any CPU.ActiveCfg = Debug|Any CPU
		{E5323BDB-A1D2-4E1F-AD94-7D3449D44DB4}.Debug|Any CPU.Build.0 = Debug|Any CPU
		{E5323BDB-A1D2-4E1F-AD94-7D3449D44DB4}.Release|Any CPU.ActiveCfg = Release|Any CPU
		{E5323BDB-A1D2-4E1F-AD94-7D3449D44DB4}.Release|Any CPU.Build.0 = Release|Any CPU
	EndGlobalSection
	GlobalSection(SolutionProperties) = preSolution
		HideSolutionNode = FALSE
	EndGlobalSection
EndGlobal
